
Microsoft Visual Studio Solution File, Format Version 12.00
# Visual Studio Version 17
VisualStudioVersion = 17.2.32630.192
MinimumVisualStudioVersion = 10.0.40219.1
Project("{FAE04EC0-301F-11D3-BF4B-00C04F79EFBC}") = "MinArray", "MinArray.csproj", "{2E9E5F44-765D-435A-B4B4-23AA1405F7A1}"
EndProject
Global
	GlobalSection(SolutionConfigurationPlatforms) = preSolution
		Debug|Any CPU = Debug|Any CPU
		Release|Any CPU = Release|Any CPU
	EndGlobalSection
	GlobalSection(ProjectConfigurationPlatforms) = postSolution
		{2E9E5F44-765D-435A-B4B4-23AA1405F7A1}.Debug|Any CPU.ActiveCfg = Debug|Any CPU
		{2E9E5F44-765D-435A-B4B4-23AA1405F7A1}.Debug|Any CPU.Build.0 = Debug|Any CPU
		{2E9E5F44-765D-435A-B4B4-23AA1405F7A1}.Release|Any CPU.ActiveCfg = Release|Any CPU
		{2E9E5F44-765D-435A-B4B4-23AA1405F7A1}.Release|Any CPU.Build.0 = Release|Any CPU
	EndGlobalSection
	GlobalSection(SolutionProperties) = preSolution
		HideSolutionNode = FALSE
	EndGlobalSection
	GlobalSection(ExtensibilityGlobals) = postSolution
		SolutionGuid = {DCB5A03C-80DB-4808-9423-7323A500B112}
	EndGlobalSection
EndGlobal
