
Microsoft Visual Studio Solution File, Format Version 12.00
# Visual Studio Version 17
VisualStudioVersion = 17.3.32825.248
MinimumVisualStudioVersion = 10.0.40219.1
Project("{9A19103F-16F7-4668-BE54-9A1E7A4F7556}") = "ShoeCloset", "ShoeCloset.csproj", "{ED10CB05-AC6E-46CC-BCB7-461E79E956BB}"
EndProject
Global
	GlobalSection(SolutionConfigurationPlatforms) = preSolution
		Debug|Any CPU = Debug|Any CPU
		Release|Any CPU = Release|Any CPU
	EndGlobalSection
	GlobalSection(ProjectConfigurationPlatforms) = postSolution
		{ED10CB05-AC6E-46CC-BCB7-461E79E956BB}.Debug|Any CPU.ActiveCfg = Debug|Any CPU
		{ED10CB05-AC6E-46CC-BCB7-461E79E956BB}.Debug|Any CPU.Build.0 = Debug|Any CPU
		{ED10CB05-AC6E-46CC-BCB7-461E79E956BB}.Release|Any CPU.ActiveCfg = Release|Any CPU
		{ED10CB05-AC6E-46CC-BCB7-461E79E956BB}.Release|Any CPU.Build.0 = Release|Any CPU
	EndGlobalSection
	GlobalSection(SolutionProperties) = preSolution
		HideSolutionNode = FALSE
	EndGlobalSection
	GlobalSection(ExtensibilityGlobals) = postSolution
		SolutionGuid = {4C0B0678-5C6D-4236-B840-A71D5BEF3EAF}
	EndGlobalSection
EndGlobal
