
Microsoft Visual Studio Solution File, Format Version 12.00
# Visual Studio Version 17
VisualStudioVersion = 17.3.32825.248
MinimumVisualStudioVersion = 10.0.40219.1
Project("{FAE04EC0-301F-11D3-BF4B-00C04F79EFBC}") = "InterfaceApp", "InterfaceApp.csproj", "{9093E178-C224-43AE-A049-63ACEF8E338E}"
EndProject
Global
	GlobalSection(SolutionConfigurationPlatforms) = preSolution
		Debug|Any CPU = Debug|Any CPU
		Release|Any CPU = Release|Any CPU
	EndGlobalSection
	GlobalSection(ProjectConfigurationPlatforms) = postSolution
		{9093E178-C224-43AE-A049-63ACEF8E338E}.Debug|Any CPU.ActiveCfg = Debug|Any CPU
		{9093E178-C224-43AE-A049-63ACEF8E338E}.Debug|Any CPU.Build.0 = Debug|Any CPU
		{9093E178-C224-43AE-A049-63ACEF8E338E}.Release|Any CPU.ActiveCfg = Release|Any CPU
		{9093E178-C224-43AE-A049-63ACEF8E338E}.Release|Any CPU.Build.0 = Release|Any CPU
	EndGlobalSection
	GlobalSection(SolutionProperties) = preSolution
		HideSolutionNode = FALSE
	EndGlobalSection
	GlobalSection(ExtensibilityGlobals) = postSolution
		SolutionGuid = {8CD4CC54-2674-430D-B8CF-B4F610AD6C79}
	EndGlobalSection
EndGlobal
